// !$*UTF8*$!
{
	archiveVersion = 1;
	classes = {
	};
	objectVersion = 51;
	objects = {

/* Begin PBXBuildFile section */
		449546140B46C25D0F7F3EFB /* Pods_EngageTimer2_EngageTimer2UITests.framework in Frameworks */ = {isa = PBXBuildFile; fileRef = 7249A334D96D45ECB109BB1F /* Pods_EngageTimer2_EngageTimer2UITests.framework */; };
		663C241027845562003867B5 /* EngageTimer2App.swift in Sources */ = {isa = PBXBuildFile; fileRef = 663C240F27845562003867B5 /* EngageTimer2App.swift */; };
		663C241227845562003867B5 /* HomeView.swift in Sources */ = {isa = PBXBuildFile; fileRef = 663C241127845562003867B5 /* HomeView.swift */; };
		663C241427845563003867B5 /* Assets.xcassets in Resources */ = {isa = PBXBuildFile; fileRef = 663C241327845563003867B5 /* Assets.xcassets */; };
		663C241727845563003867B5 /* Preview Assets.xcassets in Resources */ = {isa = PBXBuildFile; fileRef = 663C241627845563003867B5 /* Preview Assets.xcassets */; };
		663C241927845563003867B5 /* Persistence.swift in Sources */ = {isa = PBXBuildFile; fileRef = 663C241827845563003867B5 /* Persistence.swift */; };
		663C241C27845563003867B5 /* EngageTimer2.xcdatamodeld in Sources */ = {isa = PBXBuildFile; fileRef = 663C241A27845563003867B5 /* EngageTimer2.xcdatamodeld */; };
		663C242727845563003867B5 /* EngageTimer2Tests.swift in Sources */ = {isa = PBXBuildFile; fileRef = 663C242627845563003867B5 /* EngageTimer2Tests.swift */; };
		663C243227845563003867B5 /* EngageTimer2UITests.swift in Sources */ = {isa = PBXBuildFile; fileRef = 663C243127845563003867B5 /* EngageTimer2UITests.swift */; };
		663C2441278537E8003867B5 /* EngageTimerModel.swift in Sources */ = {isa = PBXBuildFile; fileRef = 663C2440278537E8003867B5 /* EngageTimerModel.swift */; };
		663C244427853FBD003867B5 /* StartButton.swift in Sources */ = {isa = PBXBuildFile; fileRef = 663C244327853FBD003867B5 /* StartButton.swift */; };
		663C24462785484C003867B5 /* ResetButton.swift in Sources */ = {isa = PBXBuildFile; fileRef = 663C24452785484C003867B5 /* ResetButton.swift */; };
		663C244D278583AA003867B5 /* DS-DIGI.TTF in Resources */ = {isa = PBXBuildFile; fileRef = 663C24472785815E003867B5 /* DS-DIGI.TTF */; };
		663C2450278584FE003867B5 /* AccessoryInfoView.swift in Sources */ = {isa = PBXBuildFile; fileRef = 663C244F278584FE003867B5 /* AccessoryInfoView.swift */; };
		663C2451278584FE003867B5 /* AccessoryInfoView.swift in Sources */ = {isa = PBXBuildFile; fileRef = 663C244F278584FE003867B5 /* AccessoryInfoView.swift */; };
		663C2452278584FE003867B5 /* AccessoryInfoView.swift in Sources */ = {isa = PBXBuildFile; fileRef = 663C244F278584FE003867B5 /* AccessoryInfoView.swift */; };
		663C245427858A0E003867B5 /* ClockFormatView.swift in Sources */ = {isa = PBXBuildFile; fileRef = 663C245327858A0E003867B5 /* ClockFormatView.swift */; };
		663C245527858A0E003867B5 /* ClockFormatView.swift in Sources */ = {isa = PBXBuildFile; fileRef = 663C245327858A0E003867B5 /* ClockFormatView.swift */; };
		663C245627858A0E003867B5 /* ClockFormatView.swift in Sources */ = {isa = PBXBuildFile; fileRef = 663C245327858A0E003867B5 /* ClockFormatView.swift */; };
		663C245827859684003867B5 /* SettingsView.swift in Sources */ = {isa = PBXBuildFile; fileRef = 663C245727859684003867B5 /* SettingsView.swift */; };
		663C245927859684003867B5 /* SettingsView.swift in Sources */ = {isa = PBXBuildFile; fileRef = 663C245727859684003867B5 /* SettingsView.swift */; };
		663C245A27859684003867B5 /* SettingsView.swift in Sources */ = {isa = PBXBuildFile; fileRef = 663C245727859684003867B5 /* SettingsView.swift */; };
		663C2460278652BF003867B5 /* RoundView.swift in Sources */ = {isa = PBXBuildFile; fileRef = 663C245F278652BF003867B5 /* RoundView.swift */; };
		663C2461278652BF003867B5 /* RoundView.swift in Sources */ = {isa = PBXBuildFile; fileRef = 663C245F278652BF003867B5 /* RoundView.swift */; };
		663C2462278652BF003867B5 /* RoundView.swift in Sources */ = {isa = PBXBuildFile; fileRef = 663C245F278652BF003867B5 /* RoundView.swift */; };
		663C2468278685AE003867B5 /* AccessoryClockFormatView.swift in Sources */ = {isa = PBXBuildFile; fileRef = 663C2467278685AE003867B5 /* AccessoryClockFormatView.swift */; };
		663C2469278685AE003867B5 /* AccessoryClockFormatView.swift in Sources */ = {isa = PBXBuildFile; fileRef = 663C2467278685AE003867B5 /* AccessoryClockFormatView.swift */; };
		663C246A278685AE003867B5 /* AccessoryClockFormatView.swift in Sources */ = {isa = PBXBuildFile; fileRef = 663C2467278685AE003867B5 /* AccessoryClockFormatView.swift */; };
		663C246C27878226003867B5 /* PlaySound.swift in Sources */ = {isa = PBXBuildFile; fileRef = 663C246B27878226003867B5 /* PlaySound.swift */; };
		663C246D27878226003867B5 /* PlaySound.swift in Sources */ = {isa = PBXBuildFile; fileRef = 663C246B27878226003867B5 /* PlaySound.swift */; };
		663C246E27878226003867B5 /* PlaySound.swift in Sources */ = {isa = PBXBuildFile; fileRef = 663C246B27878226003867B5 /* PlaySound.swift */; };
		663C2478278782AC003867B5 /* boxing-bell-1.wav in Resources */ = {isa = PBXBuildFile; fileRef = 663C2470278782AC003867B5 /* boxing-bell-1.wav */; };
		663C2479278782AC003867B5 /* boxing-bell-1.wav in Resources */ = {isa = PBXBuildFile; fileRef = 663C2470278782AC003867B5 /* boxing-bell-1.wav */; };
		663C247A278782AC003867B5 /* boxing-bell-1.wav in Resources */ = {isa = PBXBuildFile; fileRef = 663C2470278782AC003867B5 /* boxing-bell-1.wav */; };
		663C247B278782AC003867B5 /* pause.wav in Resources */ = {isa = PBXBuildFile; fileRef = 663C2471278782AC003867B5 /* pause.wav */; };
		663C247C278782AC003867B5 /* pause.wav in Resources */ = {isa = PBXBuildFile; fileRef = 663C2471278782AC003867B5 /* pause.wav */; };
		663C247D278782AC003867B5 /* pause.wav in Resources */ = {isa = PBXBuildFile; fileRef = 663C2471278782AC003867B5 /* pause.wav */; };
		663C247E278782AC003867B5 /* boxing-bell-3.wav in Resources */ = {isa = PBXBuildFile; fileRef = 663C2472278782AC003867B5 /* boxing-bell-3.wav */; };
		663C247F278782AC003867B5 /* boxing-bell-3.wav in Resources */ = {isa = PBXBuildFile; fileRef = 663C2472278782AC003867B5 /* boxing-bell-3.wav */; };
		663C2480278782AC003867B5 /* boxing-bell-3.wav in Resources */ = {isa = PBXBuildFile; fileRef = 663C2472278782AC003867B5 /* boxing-bell-3.wav */; };
		663C2481278782AC003867B5 /* start-button.wav in Resources */ = {isa = PBXBuildFile; fileRef = 663C2473278782AC003867B5 /* start-button.wav */; };
		663C2482278782AC003867B5 /* start-button.wav in Resources */ = {isa = PBXBuildFile; fileRef = 663C2473278782AC003867B5 /* start-button.wav */; };
		663C2483278782AC003867B5 /* start-button.wav in Resources */ = {isa = PBXBuildFile; fileRef = 663C2473278782AC003867B5 /* start-button.wav */; };
		663C2484278782AC003867B5 /* Clap.mp3 in Resources */ = {isa = PBXBuildFile; fileRef = 663C2474278782AC003867B5 /* Clap.mp3 */; };
		663C2485278782AC003867B5 /* Clap.mp3 in Resources */ = {isa = PBXBuildFile; fileRef = 663C2474278782AC003867B5 /* Clap.mp3 */; };
		663C2486278782AC003867B5 /* Clap.mp3 in Resources */ = {isa = PBXBuildFile; fileRef = 663C2474278782AC003867B5 /* Clap.mp3 */; };
		663C2487278782AC003867B5 /* stop-button.wav in Resources */ = {isa = PBXBuildFile; fileRef = 663C2475278782AC003867B5 /* stop-button.wav */; };
		663C2488278782AC003867B5 /* stop-button.wav in Resources */ = {isa = PBXBuildFile; fileRef = 663C2475278782AC003867B5 /* stop-button.wav */; };
		663C2489278782AC003867B5 /* stop-button.wav in Resources */ = {isa = PBXBuildFile; fileRef = 663C2475278782AC003867B5 /* stop-button.wav */; };
		663C248A278782AC003867B5 /* Whistle.mp3 in Resources */ = {isa = PBXBuildFile; fileRef = 663C2476278782AC003867B5 /* Whistle.mp3 */; };
		663C248B278782AC003867B5 /* Whistle.mp3 in Resources */ = {isa = PBXBuildFile; fileRef = 663C2476278782AC003867B5 /* Whistle.mp3 */; };
		663C248C278782AC003867B5 /* Whistle.mp3 in Resources */ = {isa = PBXBuildFile; fileRef = 663C2476278782AC003867B5 /* Whistle.mp3 */; };
		663C248D278782AC003867B5 /* Bell.mp3 in Resources */ = {isa = PBXBuildFile; fileRef = 663C2477278782AC003867B5 /* Bell.mp3 */; };
		663C248E278782AC003867B5 /* Bell.mp3 in Resources */ = {isa = PBXBuildFile; fileRef = 663C2477278782AC003867B5 /* Bell.mp3 */; };
		663C248F278782AC003867B5 /* Bell.mp3 in Resources */ = {isa = PBXBuildFile; fileRef = 663C2477278782AC003867B5 /* Bell.mp3 */; };
		663C24912787860F003867B5 /* wood.wav in Resources */ = {isa = PBXBuildFile; fileRef = 663C24902787860F003867B5 /* wood.wav */; };
		663C24922787860F003867B5 /* wood.wav in Resources */ = {isa = PBXBuildFile; fileRef = 663C24902787860F003867B5 /* wood.wav */; };
		663C24932787860F003867B5 /* wood.wav in Resources */ = {isa = PBXBuildFile; fileRef = 663C24902787860F003867B5 /* wood.wav */; };
		663C24952787B0F0003867B5 /* double-hit.wav in Resources */ = {isa = PBXBuildFile; fileRef = 663C24942787B0F0003867B5 /* double-hit.wav */; };
		663C24962787B0F0003867B5 /* double-hit.wav in Resources */ = {isa = PBXBuildFile; fileRef = 663C24942787B0F0003867B5 /* double-hit.wav */; };
		663C24972787B0F0003867B5 /* double-hit.wav in Resources */ = {isa = PBXBuildFile; fileRef = 663C24942787B0F0003867B5 /* double-hit.wav */; };
		663C24992787B152003867B5 /* double-hit2.wav in Resources */ = {isa = PBXBuildFile; fileRef = 663C24982787B152003867B5 /* double-hit2.wav */; };
		663C249A2787B152003867B5 /* double-hit2.wav in Resources */ = {isa = PBXBuildFile; fileRef = 663C24982787B152003867B5 /* double-hit2.wav */; };
		663C249B2787B152003867B5 /* double-hit2.wav in Resources */ = {isa = PBXBuildFile; fileRef = 663C24982787B152003867B5 /* double-hit2.wav */; };
		663C249D2787B96B003867B5 /* OnBoardingScreenView.swift in Sources */ = {isa = PBXBuildFile; fileRef = 663C249C2787B96B003867B5 /* OnBoardingScreenView.swift */; };
		663C249E2787B96B003867B5 /* OnBoardingScreenView.swift in Sources */ = {isa = PBXBuildFile; fileRef = 663C249C2787B96B003867B5 /* OnBoardingScreenView.swift */; };
		663C249F2787B96B003867B5 /* OnBoardingScreenView.swift in Sources */ = {isa = PBXBuildFile; fileRef = 663C249C2787B96B003867B5 /* OnBoardingScreenView.swift */; };
		665FBA9527890E7400E70C14 /* InAppPurchasesView.swift in Sources */ = {isa = PBXBuildFile; fileRef = 665FBA9427890E7400E70C14 /* InAppPurchasesView.swift */; };
		665FBA9727890E8400E70C14 /* StoreManager.swift in Sources */ = {isa = PBXBuildFile; fileRef = 665FBA9627890E8400E70C14 /* StoreManager.swift */; };
		665FBA9A27890F1900E70C14 /* StoreKit.framework in Frameworks */ = {isa = PBXBuildFile; fileRef = 665FBA9927890F1900E70C14 /* StoreKit.framework */; };
		665FBA9D278935DD00E70C14 /* AdmobBannerView.swift in Sources */ = {isa = PBXBuildFile; fileRef = 665FBA9C278935DD00E70C14 /* AdmobBannerView.swift */; };
		6691DDF4279A73CE00B099D2 /* HomeViewModel.swift in Sources */ = {isa = PBXBuildFile; fileRef = 6691DDF3279A73CE00B099D2 /* HomeViewModel.swift */; };
		669AB7E6278B7E7000873C4B /* LaunchScreen.storyboard in Resources */ = {isa = PBXBuildFile; fileRef = 669AB7E5278B7E7000873C4B /* LaunchScreen.storyboard */; };
		974C3B8E35E01CA70F2D0751 /* Pods_EngageTimer2.framework in Frameworks */ = {isa = PBXBuildFile; fileRef = 7633B586AEF50243412CACF6 /* Pods_EngageTimer2.framework */; };
		FC658F7576F1B3FE9D24EA49 /* Pods_EngageTimer2Tests.framework in Frameworks */ = {isa = PBXBuildFile; fileRef = 2716376367157C65ED4A9DFD /* Pods_EngageTimer2Tests.framework */; };
/* End PBXBuildFile section */

/* Begin PBXContainerItemProxy section */
		663C242327845563003867B5 /* PBXContainerItemProxy */ = {
			isa = PBXContainerItemProxy;
			containerPortal = 663C240427845562003867B5 /* Project object */;
			proxyType = 1;
			remoteGlobalIDString = 663C240B27845562003867B5;
			remoteInfo = EngageTimer2;
		};
		663C242E27845563003867B5 /* PBXContainerItemProxy */ = {
			isa = PBXContainerItemProxy;
			containerPortal = 663C240427845562003867B5 /* Project object */;
			proxyType = 1;
			remoteGlobalIDString = 663C240B27845562003867B5;
			remoteInfo = EngageTimer2;
		};
/* End PBXContainerItemProxy section */

/* Begin PBXFileReference section */
		07146C55CBC3E1CAB77C910F /* Pods-EngageTimer2.debug.xcconfig */ = {isa = PBXFileReference; includeInIndex = 1; lastKnownFileType = text.xcconfig; name = "Pods-EngageTimer2.debug.xcconfig"; path = "Target Support Files/Pods-EngageTimer2/Pods-EngageTimer2.debug.xcconfig"; sourceTree = "<group>"; };
		2716376367157C65ED4A9DFD /* Pods_EngageTimer2Tests.framework */ = {isa = PBXFileReference; explicitFileType = wrapper.framework; includeInIndex = 0; path = Pods_EngageTimer2Tests.framework; sourceTree = BUILT_PRODUCTS_DIR; };
		3BA0E1761B4B85EA75888794 /* Pods-EngageTimer2.release.xcconfig */ = {isa = PBXFileReference; includeInIndex = 1; lastKnownFileType = text.xcconfig; name = "Pods-EngageTimer2.release.xcconfig"; path = "Target Support Files/Pods-EngageTimer2/Pods-EngageTimer2.release.xcconfig"; sourceTree = "<group>"; };
		663C240C27845562003867B5 /* EngageTimer2.app */ = {isa = PBXFileReference; explicitFileType = wrapper.application; includeInIndex = 0; path = EngageTimer2.app; sourceTree = BUILT_PRODUCTS_DIR; };
		663C240F27845562003867B5 /* EngageTimer2App.swift */ = {isa = PBXFileReference; lastKnownFileType = sourcecode.swift; path = EngageTimer2App.swift; sourceTree = "<group>"; };
		663C241127845562003867B5 /* HomeView.swift */ = {isa = PBXFileReference; lastKnownFileType = sourcecode.swift; path = HomeView.swift; sourceTree = "<group>"; };
		663C241327845563003867B5 /* Assets.xcassets */ = {isa = PBXFileReference; lastKnownFileType = folder.assetcatalog; path = Assets.xcassets; sourceTree = "<group>"; };
		663C241627845563003867B5 /* Preview Assets.xcassets */ = {isa = PBXFileReference; lastKnownFileType = folder.assetcatalog; path = "Preview Assets.xcassets"; sourceTree = "<group>"; };
		663C241827845563003867B5 /* Persistence.swift */ = {isa = PBXFileReference; lastKnownFileType = sourcecode.swift; path = Persistence.swift; sourceTree = "<group>"; };
		663C241B27845563003867B5 /* EngageTimer2.xcdatamodel */ = {isa = PBXFileReference; lastKnownFileType = wrapper.xcdatamodel; path = EngageTimer2.xcdatamodel; sourceTree = "<group>"; };
		663C241D27845563003867B5 /* Info.plist */ = {isa = PBXFileReference; lastKnownFileType = text.plist.xml; path = Info.plist; sourceTree = "<group>"; };
		663C242227845563003867B5 /* EngageTimer2Tests.xctest */ = {isa = PBXFileReference; explicitFileType = wrapper.cfbundle; includeInIndex = 0; path = EngageTimer2Tests.xctest; sourceTree = BUILT_PRODUCTS_DIR; };
		663C242627845563003867B5 /* EngageTimer2Tests.swift */ = {isa = PBXFileReference; lastKnownFileType = sourcecode.swift; path = EngageTimer2Tests.swift; sourceTree = "<group>"; };
		663C242827845563003867B5 /* Info.plist */ = {isa = PBXFileReference; lastKnownFileType = text.plist.xml; path = Info.plist; sourceTree = "<group>"; };
		663C242D27845563003867B5 /* EngageTimer2UITests.xctest */ = {isa = PBXFileReference; explicitFileType = wrapper.cfbundle; includeInIndex = 0; path = EngageTimer2UITests.xctest; sourceTree = BUILT_PRODUCTS_DIR; };
		663C243127845563003867B5 /* EngageTimer2UITests.swift */ = {isa = PBXFileReference; lastKnownFileType = sourcecode.swift; path = EngageTimer2UITests.swift; sourceTree = "<group>"; };
		663C243327845563003867B5 /* Info.plist */ = {isa = PBXFileReference; lastKnownFileType = text.plist.xml; path = Info.plist; sourceTree = "<group>"; };
		663C2440278537E8003867B5 /* EngageTimerModel.swift */ = {isa = PBXFileReference; lastKnownFileType = sourcecode.swift; path = EngageTimerModel.swift; sourceTree = "<group>"; };
		663C244327853FBD003867B5 /* StartButton.swift */ = {isa = PBXFileReference; lastKnownFileType = sourcecode.swift; path = StartButton.swift; sourceTree = "<group>"; };
		663C24452785484C003867B5 /* ResetButton.swift */ = {isa = PBXFileReference; lastKnownFileType = sourcecode.swift; path = ResetButton.swift; sourceTree = "<group>"; };
		663C24472785815E003867B5 /* DS-DIGI.TTF */ = {isa = PBXFileReference; lastKnownFileType = file; path = "DS-DIGI.TTF"; sourceTree = "<group>"; };
		663C244F278584FE003867B5 /* AccessoryInfoView.swift */ = {isa = PBXFileReference; lastKnownFileType = sourcecode.swift; path = AccessoryInfoView.swift; sourceTree = "<group>"; };
		663C245327858A0E003867B5 /* ClockFormatView.swift */ = {isa = PBXFileReference; lastKnownFileType = sourcecode.swift; path = ClockFormatView.swift; sourceTree = "<group>"; };
		663C245727859684003867B5 /* SettingsView.swift */ = {isa = PBXFileReference; lastKnownFileType = sourcecode.swift; path = SettingsView.swift; sourceTree = "<group>"; };
		663C245F278652BF003867B5 /* RoundView.swift */ = {isa = PBXFileReference; lastKnownFileType = sourcecode.swift; path = RoundView.swift; sourceTree = "<group>"; };
		663C2467278685AE003867B5 /* AccessoryClockFormatView.swift */ = {isa = PBXFileReference; lastKnownFileType = sourcecode.swift; path = AccessoryClockFormatView.swift; sourceTree = "<group>"; };
		663C246B27878226003867B5 /* PlaySound.swift */ = {isa = PBXFileReference; lastKnownFileType = sourcecode.swift; path = PlaySound.swift; sourceTree = "<group>"; };
		663C2470278782AC003867B5 /* boxing-bell-1.wav */ = {isa = PBXFileReference; lastKnownFileType = audio.wav; path = "boxing-bell-1.wav"; sourceTree = "<group>"; };
		663C2471278782AC003867B5 /* pause.wav */ = {isa = PBXFileReference; lastKnownFileType = audio.wav; path = pause.wav; sourceTree = "<group>"; };
		663C2472278782AC003867B5 /* boxing-bell-3.wav */ = {isa = PBXFileReference; lastKnownFileType = audio.wav; path = "boxing-bell-3.wav"; sourceTree = "<group>"; };
		663C2473278782AC003867B5 /* start-button.wav */ = {isa = PBXFileReference; lastKnownFileType = audio.wav; path = "start-button.wav"; sourceTree = "<group>"; };
		663C2474278782AC003867B5 /* Clap.mp3 */ = {isa = PBXFileReference; lastKnownFileType = audio.mp3; path = Clap.mp3; sourceTree = "<group>"; };
		663C2475278782AC003867B5 /* stop-button.wav */ = {isa = PBXFileReference; lastKnownFileType = audio.wav; path = "stop-button.wav"; sourceTree = "<group>"; };
		663C2476278782AC003867B5 /* Whistle.mp3 */ = {isa = PBXFileReference; lastKnownFileType = audio.mp3; path = Whistle.mp3; sourceTree = "<group>"; };
		663C2477278782AC003867B5 /* Bell.mp3 */ = {isa = PBXFileReference; lastKnownFileType = audio.mp3; path = Bell.mp3; sourceTree = "<group>"; };
		663C24902787860F003867B5 /* wood.wav */ = {isa = PBXFileReference; lastKnownFileType = audio.wav; path = wood.wav; sourceTree = "<group>"; };
		663C24942787B0F0003867B5 /* double-hit.wav */ = {isa = PBXFileReference; lastKnownFileType = audio.wav; path = "double-hit.wav"; sourceTree = "<group>"; };
		663C24982787B152003867B5 /* double-hit2.wav */ = {isa = PBXFileReference; lastKnownFileType = audio.wav; path = "double-hit2.wav"; sourceTree = "<group>"; };
		663C249C2787B96B003867B5 /* OnBoardingScreenView.swift */ = {isa = PBXFileReference; lastKnownFileType = sourcecode.swift; path = OnBoardingScreenView.swift; sourceTree = "<group>"; };
		665FBA9427890E7400E70C14 /* InAppPurchasesView.swift */ = {isa = PBXFileReference; lastKnownFileType = sourcecode.swift; path = InAppPurchasesView.swift; sourceTree = "<group>"; };
		665FBA9627890E8400E70C14 /* StoreManager.swift */ = {isa = PBXFileReference; lastKnownFileType = sourcecode.swift; path = StoreManager.swift; sourceTree = "<group>"; };
		665FBA9927890F1900E70C14 /* StoreKit.framework */ = {isa = PBXFileReference; lastKnownFileType = wrapper.framework; name = StoreKit.framework; path = System/Library/Frameworks/StoreKit.framework; sourceTree = SDKROOT; };
		665FBA9C278935DD00E70C14 /* AdmobBannerView.swift */ = {isa = PBXFileReference; lastKnownFileType = sourcecode.swift; path = AdmobBannerView.swift; sourceTree = "<group>"; };
		6691DDF3279A73CE00B099D2 /* HomeViewModel.swift */ = {isa = PBXFileReference; lastKnownFileType = sourcecode.swift; path = HomeViewModel.swift; sourceTree = "<group>"; };
		669AB7E5278B7E7000873C4B /* LaunchScreen.storyboard */ = {isa = PBXFileReference; lastKnownFileType = file.storyboard; path = LaunchScreen.storyboard; sourceTree = "<group>"; };
		7249A334D96D45ECB109BB1F /* Pods_EngageTimer2_EngageTimer2UITests.framework */ = {isa = PBXFileReference; explicitFileType = wrapper.framework; includeInIndex = 0; path = Pods_EngageTimer2_EngageTimer2UITests.framework; sourceTree = BUILT_PRODUCTS_DIR; };
		7633B586AEF50243412CACF6 /* Pods_EngageTimer2.framework */ = {isa = PBXFileReference; explicitFileType = wrapper.framework; includeInIndex = 0; path = Pods_EngageTimer2.framework; sourceTree = BUILT_PRODUCTS_DIR; };
		7CBA177C974AFB1FAA223167 /* Pods-EngageTimer2-EngageTimer2UITests.debug.xcconfig */ = {isa = PBXFileReference; includeInIndex = 1; lastKnownFileType = text.xcconfig; name = "Pods-EngageTimer2-EngageTimer2UITests.debug.xcconfig"; path = "Target Support Files/Pods-EngageTimer2-EngageTimer2UITests/Pods-EngageTimer2-EngageTimer2UITests.debug.xcconfig"; sourceTree = "<group>"; };
		C73E14F297C6B3DAA7E530E1 /* Pods-EngageTimer2Tests.release.xcconfig */ = {isa = PBXFileReference; includeInIndex = 1; lastKnownFileType = text.xcconfig; name = "Pods-EngageTimer2Tests.release.xcconfig"; path = "Target Support Files/Pods-EngageTimer2Tests/Pods-EngageTimer2Tests.release.xcconfig"; sourceTree = "<group>"; };
		E99A32B504844B8082398B60 /* Pods-EngageTimer2-EngageTimer2UITests.release.xcconfig */ = {isa = PBXFileReference; includeInIndex = 1; lastKnownFileType = text.xcconfig; name = "Pods-EngageTimer2-EngageTimer2UITests.release.xcconfig"; path = "Target Support Files/Pods-EngageTimer2-EngageTimer2UITests/Pods-EngageTimer2-EngageTimer2UITests.release.xcconfig"; sourceTree = "<group>"; };
		F7D2DFF5274804980138D54E /* Pods-EngageTimer2Tests.debug.xcconfig */ = {isa = PBXFileReference; includeInIndex = 1; lastKnownFileType = text.xcconfig; name = "Pods-EngageTimer2Tests.debug.xcconfig"; path = "Target Support Files/Pods-EngageTimer2Tests/Pods-EngageTimer2Tests.debug.xcconfig"; sourceTree = "<group>"; };
/* End PBXFileReference section */

/* Begin PBXFrameworksBuildPhase section */
		663C240927845562003867B5 /* Frameworks */ = {
			isa = PBXFrameworksBuildPhase;
			buildActionMask = 2147483647;
			files = (
				665FBA9A27890F1900E70C14 /* StoreKit.framework in Frameworks */,
				974C3B8E35E01CA70F2D0751 /* Pods_EngageTimer2.framework in Frameworks */,
			);
			runOnlyForDeploymentPostprocessing = 0;
		};
		663C241F27845563003867B5 /* Frameworks */ = {
			isa = PBXFrameworksBuildPhase;
			buildActionMask = 2147483647;
			files = (
				FC658F7576F1B3FE9D24EA49 /* Pods_EngageTimer2Tests.framework in Frameworks */,
			);
			runOnlyForDeploymentPostprocessing = 0;
		};
		663C242A27845563003867B5 /* Frameworks */ = {
			isa = PBXFrameworksBuildPhase;
			buildActionMask = 2147483647;
			files = (
				449546140B46C25D0F7F3EFB /* Pods_EngageTimer2_EngageTimer2UITests.framework in Frameworks */,
			);
			runOnlyForDeploymentPostprocessing = 0;
		};
/* End PBXFrameworksBuildPhase section */

/* Begin PBXGroup section */
		663C240327845562003867B5 = {
			isa = PBXGroup;
			children = (
				663C240E27845562003867B5 /* EngageTimer2 */,
				663C242527845563003867B5 /* EngageTimer2Tests */,
				663C243027845563003867B5 /* EngageTimer2UITests */,
				663C240D27845562003867B5 /* Products */,
				665FBA9827890F1900E70C14 /* Frameworks */,
				DD1B716DEA89A8CA0DF9081F /* Pods */,
			);
			sourceTree = "<group>";
		};
		663C240D27845562003867B5 /* Products */ = {
			isa = PBXGroup;
			children = (
				663C240C27845562003867B5 /* EngageTimer2.app */,
				663C242227845563003867B5 /* EngageTimer2Tests.xctest */,
				663C242D27845563003867B5 /* EngageTimer2UITests.xctest */,
			);
			name = Products;
			sourceTree = "<group>";
		};
		663C240E27845562003867B5 /* EngageTimer2 */ = {
			isa = PBXGroup;
			children = (
				665FBA9B278935CB00E70C14 /* GoogleAdMob */,
				665FBA9327890E6300E70C14 /* InAppPurchases */,
				663C246F27878296003867B5 /* SoundFiles */,
				663C244C2785837E003867B5 /* Fonts */,
				6691DDE32799647200B099D2 /* Components */,
				6691DDE42799647E00B099D2 /* Buttons */,
				663C244227853AD7003867B5 /* HomeView */,
				663C243F278537DC003867B5 /* model */,
				663C240F27845562003867B5 /* EngageTimer2App.swift */,
				663C241327845563003867B5 /* Assets.xcassets */,
				663C241827845563003867B5 /* Persistence.swift */,
				663C241D27845563003867B5 /* Info.plist */,
				663C241A27845563003867B5 /* EngageTimer2.xcdatamodeld */,
				663C241527845563003867B5 /* Preview Content */,
				669AB7E5278B7E7000873C4B /* LaunchScreen.storyboard */,
			);
			path = EngageTimer2;
			sourceTree = "<group>";
		};
		663C241527845563003867B5 /* Preview Content */ = {
			isa = PBXGroup;
			children = (
				663C241627845563003867B5 /* Preview Assets.xcassets */,
			);
			path = "Preview Content";
			sourceTree = "<group>";
		};
		663C242527845563003867B5 /* EngageTimer2Tests */ = {
			isa = PBXGroup;
			children = (
				663C242627845563003867B5 /* EngageTimer2Tests.swift */,
				663C242827845563003867B5 /* Info.plist */,
			);
			path = EngageTimer2Tests;
			sourceTree = "<group>";
		};
		663C243027845563003867B5 /* EngageTimer2UITests */ = {
			isa = PBXGroup;
			children = (
				663C243127845563003867B5 /* EngageTimer2UITests.swift */,
				663C243327845563003867B5 /* Info.plist */,
			);
			path = EngageTimer2UITests;
			sourceTree = "<group>";
		};
		663C243F278537DC003867B5 /* model */ = {
			isa = PBXGroup;
			children = (
				663C2440278537E8003867B5 /* EngageTimerModel.swift */,
				663C246B27878226003867B5 /* PlaySound.swift */,
			);
			path = model;
			sourceTree = "<group>";
		};
		663C244227853AD7003867B5 /* HomeView */ = {
			isa = PBXGroup;
			children = (
				6691DDF2279A73A800B099D2 /* ViewModels */,
				6691DDF1279A73A400B099D2 /* Views */,
				663C244F278584FE003867B5 /* AccessoryInfoView.swift */,
				663C245727859684003867B5 /* SettingsView.swift */,
				663C249C2787B96B003867B5 /* OnBoardingScreenView.swift */,
			);
			path = HomeView;
			sourceTree = "<group>";
		};
		663C244C2785837E003867B5 /* Fonts */ = {
			isa = PBXGroup;
			children = (
				663C24472785815E003867B5 /* DS-DIGI.TTF */,
			);
			path = Fonts;
			sourceTree = "<group>";
		};
		663C246F27878296003867B5 /* SoundFiles */ = {
			isa = PBXGroup;
			children = (
				663C24942787B0F0003867B5 /* double-hit.wav */,
				663C24982787B152003867B5 /* double-hit2.wav */,
				663C24902787860F003867B5 /* wood.wav */,
				663C2477278782AC003867B5 /* Bell.mp3 */,
				663C2470278782AC003867B5 /* boxing-bell-1.wav */,
				663C2472278782AC003867B5 /* boxing-bell-3.wav */,
				663C2474278782AC003867B5 /* Clap.mp3 */,
				663C2471278782AC003867B5 /* pause.wav */,
				663C2473278782AC003867B5 /* start-button.wav */,
				663C2475278782AC003867B5 /* stop-button.wav */,
				663C2476278782AC003867B5 /* Whistle.mp3 */,
			);
			path = SoundFiles;
			sourceTree = "<group>";
		};
		665FBA9327890E6300E70C14 /* InAppPurchases */ = {
			isa = PBXGroup;
			children = (
				665FBA9427890E7400E70C14 /* InAppPurchasesView.swift */,
				665FBA9627890E8400E70C14 /* StoreManager.swift */,
			);
			path = InAppPurchases;
			sourceTree = "<group>";
		};
		665FBA9827890F1900E70C14 /* Frameworks */ = {
			isa = PBXGroup;
			children = (
				665FBA9927890F1900E70C14 /* StoreKit.framework */,
				7633B586AEF50243412CACF6 /* Pods_EngageTimer2.framework */,
				7249A334D96D45ECB109BB1F /* Pods_EngageTimer2_EngageTimer2UITests.framework */,
				2716376367157C65ED4A9DFD /* Pods_EngageTimer2Tests.framework */,
			);
			name = Frameworks;
			sourceTree = "<group>";
		};
		665FBA9B278935CB00E70C14 /* GoogleAdMob */ = {
			isa = PBXGroup;
			children = (
				665FBA9C278935DD00E70C14 /* AdmobBannerView.swift */,
			);
			path = GoogleAdMob;
			sourceTree = "<group>";
		};
		6691DDE32799647200B099D2 /* Components */ = {
			isa = PBXGroup;
			children = (
				663C245327858A0E003867B5 /* ClockFormatView.swift */,
				663C2467278685AE003867B5 /* AccessoryClockFormatView.swift */,
				663C245F278652BF003867B5 /* RoundView.swift */,
			);
			path = Components;
			sourceTree = "<group>";
		};
		6691DDE42799647E00B099D2 /* Buttons */ = {
			isa = PBXGroup;
			children = (
				663C244327853FBD003867B5 /* StartButton.swift */,
				663C24452785484C003867B5 /* ResetButton.swift */,
			);
			path = Buttons;
			sourceTree = "<group>";
		};
		6691DDF1279A73A400B099D2 /* Views */ = {
			isa = PBXGroup;
			children = (
				663C241127845562003867B5 /* HomeView.swift */,
			);
			path = Views;
			sourceTree = "<group>";
		};
		6691DDF2279A73A800B099D2 /* ViewModels */ = {
			isa = PBXGroup;
			children = (
				6691DDF3279A73CE00B099D2 /* HomeViewModel.swift */,
			);
			path = ViewModels;
			sourceTree = "<group>";
		};
		DD1B716DEA89A8CA0DF9081F /* Pods */ = {
			isa = PBXGroup;
			children = (
				07146C55CBC3E1CAB77C910F /* Pods-EngageTimer2.debug.xcconfig */,
				3BA0E1761B4B85EA75888794 /* Pods-EngageTimer2.release.xcconfig */,
				7CBA177C974AFB1FAA223167 /* Pods-EngageTimer2-EngageTimer2UITests.debug.xcconfig */,
				E99A32B504844B8082398B60 /* Pods-EngageTimer2-EngageTimer2UITests.release.xcconfig */,
				F7D2DFF5274804980138D54E /* Pods-EngageTimer2Tests.debug.xcconfig */,
				C73E14F297C6B3DAA7E530E1 /* Pods-EngageTimer2Tests.release.xcconfig */,
			);
			path = Pods;
			sourceTree = "<group>";
		};
/* End PBXGroup section */

/* Begin PBXNativeTarget section */
		663C240B27845562003867B5 /* EngageTimer2 */ = {
			isa = PBXNativeTarget;
			buildConfigurationList = 663C243627845563003867B5 /* Build configuration list for PBXNativeTarget "EngageTimer2" */;
			buildPhases = (
				229F7453BAC72FA61BE02D2A /* [CP] Check Pods Manifest.lock */,
				663C240827845562003867B5 /* Sources */,
				663C240927845562003867B5 /* Frameworks */,
				663C240A27845562003867B5 /* Resources */,
				DDF5C8281BBFA1F555B849F2 /* [CP] Embed Pods Frameworks */,
			);
			buildRules = (
			);
			dependencies = (
			);
			name = EngageTimer2;
			productName = EngageTimer2;
			productReference = 663C240C27845562003867B5 /* EngageTimer2.app */;
			productType = "com.apple.product-type.application";
		};
		663C242127845563003867B5 /* EngageTimer2Tests */ = {
			isa = PBXNativeTarget;
			buildConfigurationList = 663C243927845563003867B5 /* Build configuration list for PBXNativeTarget "EngageTimer2Tests" */;
			buildPhases = (
				9CBE384353D1920C224C637A /* [CP] Check Pods Manifest.lock */,
				663C241E27845563003867B5 /* Sources */,
				663C241F27845563003867B5 /* Frameworks */,
				663C242027845563003867B5 /* Resources */,
			);
			buildRules = (
			);
			dependencies = (
				663C242427845563003867B5 /* PBXTargetDependency */,
			);
			name = EngageTimer2Tests;
			productName = EngageTimer2Tests;
			productReference = 663C242227845563003867B5 /* EngageTimer2Tests.xctest */;
			productType = "com.apple.product-type.bundle.unit-test";
		};
		663C242C27845563003867B5 /* EngageTimer2UITests */ = {
			isa = PBXNativeTarget;
			buildConfigurationList = 663C243C27845563003867B5 /* Build configuration list for PBXNativeTarget "EngageTimer2UITests" */;
			buildPhases = (
				0AB1215104313052B3EBEA77 /* [CP] Check Pods Manifest.lock */,
				663C242927845563003867B5 /* Sources */,
				663C242A27845563003867B5 /* Frameworks */,
				663C242B27845563003867B5 /* Resources */,
				084B89D537AAF155313FCD32 /* [CP] Embed Pods Frameworks */,
			);
			buildRules = (
			);
			dependencies = (
				663C242F27845563003867B5 /* PBXTargetDependency */,
			);
			name = EngageTimer2UITests;
			productName = EngageTimer2UITests;
			productReference = 663C242D27845563003867B5 /* EngageTimer2UITests.xctest */;
			productType = "com.apple.product-type.bundle.ui-testing";
		};
/* End PBXNativeTarget section */

/* Begin PBXProject section */
		663C240427845562003867B5 /* Project object */ = {
			isa = PBXProject;
			attributes = {
				LastSwiftUpdateCheck = 1250;
				LastUpgradeCheck = 1250;
				TargetAttributes = {
					663C240B27845562003867B5 = {
						CreatedOnToolsVersion = 12.5.1;
					};
					663C242127845563003867B5 = {
						CreatedOnToolsVersion = 12.5.1;
						TestTargetID = 663C240B27845562003867B5;
					};
					663C242C27845563003867B5 = {
						CreatedOnToolsVersion = 12.5.1;
						TestTargetID = 663C240B27845562003867B5;
					};
				};
			};
			buildConfigurationList = 663C240727845562003867B5 /* Build configuration list for PBXProject "EngageTimer2" */;
			compatibilityVersion = "Xcode 9.3";
			developmentRegion = en;
			hasScannedForEncodings = 0;
			knownRegions = (
				en,
				Base,
			);
			mainGroup = 663C240327845562003867B5;
			productRefGroup = 663C240D27845562003867B5 /* Products */;
			projectDirPath = "";
			projectRoot = "";
			targets = (
				663C240B27845562003867B5 /* EngageTimer2 */,
				663C242127845563003867B5 /* EngageTimer2Tests */,
				663C242C27845563003867B5 /* EngageTimer2UITests */,
			);
		};
/* End PBXProject section */

/* Begin PBXResourcesBuildPhase section */
		663C240A27845562003867B5 /* Resources */ = {
			isa = PBXResourcesBuildPhase;
			buildActionMask = 2147483647;
			files = (
				663C2481278782AC003867B5 /* start-button.wav in Resources */,
				663C248A278782AC003867B5 /* Whistle.mp3 in Resources */,
				663C244D278583AA003867B5 /* DS-DIGI.TTF in Resources */,
				669AB7E6278B7E7000873C4B /* LaunchScreen.storyboard in Resources */,
				663C2487278782AC003867B5 /* stop-button.wav in Resources */,
				663C241727845563003867B5 /* Preview Assets.xcassets in Resources */,
				663C24952787B0F0003867B5 /* double-hit.wav in Resources */,
				663C247E278782AC003867B5 /* boxing-bell-3.wav in Resources */,
				663C2478278782AC003867B5 /* boxing-bell-1.wav in Resources */,
				663C248D278782AC003867B5 /* Bell.mp3 in Resources */,
				663C247B278782AC003867B5 /* pause.wav in Resources */,
				663C24912787860F003867B5 /* wood.wav in Resources */,
				663C2484278782AC003867B5 /* Clap.mp3 in Resources */,
				663C24992787B152003867B5 /* double-hit2.wav in Resources */,
				663C241427845563003867B5 /* Assets.xcassets in Resources */,
			);
			runOnlyForDeploymentPostprocessing = 0;
		};
		663C242027845563003867B5 /* Resources */ = {
			isa = PBXResourcesBuildPhase;
			buildActionMask = 2147483647;
			files = (
				663C2479278782AC003867B5 /* boxing-bell-1.wav in Resources */,
				663C248B278782AC003867B5 /* Whistle.mp3 in Resources */,
				663C247C278782AC003867B5 /* pause.wav in Resources */,
				663C2488278782AC003867B5 /* stop-button.wav in Resources */,
				663C2485278782AC003867B5 /* Clap.mp3 in Resources */,
				663C249A2787B152003867B5 /* double-hit2.wav in Resources */,
				663C248E278782AC003867B5 /* Bell.mp3 in Resources */,
				663C24922787860F003867B5 /* wood.wav in Resources */,
				663C24962787B0F0003867B5 /* double-hit.wav in Resources */,
				663C247F278782AC003867B5 /* boxing-bell-3.wav in Resources */,
				663C2482278782AC003867B5 /* start-button.wav in Resources */,
			);
			runOnlyForDeploymentPostprocessing = 0;
		};
		663C242B27845563003867B5 /* Resources */ = {
			isa = PBXResourcesBuildPhase;
			buildActionMask = 2147483647;
			files = (
				663C247A278782AC003867B5 /* boxing-bell-1.wav in Resources */,
				663C248C278782AC003867B5 /* Whistle.mp3 in Resources */,
				663C247D278782AC003867B5 /* pause.wav in Resources */,
				663C2489278782AC003867B5 /* stop-button.wav in Resources */,
				663C2486278782AC003867B5 /* Clap.mp3 in Resources */,
				663C249B2787B152003867B5 /* double-hit2.wav in Resources */,
				663C248F278782AC003867B5 /* Bell.mp3 in Resources */,
				663C24932787860F003867B5 /* wood.wav in Resources */,
				663C24972787B0F0003867B5 /* double-hit.wav in Resources */,
				663C2480278782AC003867B5 /* boxing-bell-3.wav in Resources */,
				663C2483278782AC003867B5 /* start-button.wav in Resources */,
			);
			runOnlyForDeploymentPostprocessing = 0;
		};
/* End PBXResourcesBuildPhase section */

/* Begin PBXShellScriptBuildPhase section */
		084B89D537AAF155313FCD32 /* [CP] Embed Pods Frameworks */ = {
			isa = PBXShellScriptBuildPhase;
			buildActionMask = 2147483647;
			files = (
			);
			inputFileListPaths = (
				"${PODS_ROOT}/Target Support Files/Pods-EngageTimer2-EngageTimer2UITests/Pods-EngageTimer2-EngageTimer2UITests-frameworks-${CONFIGURATION}-input-files.xcfilelist",
			);
			name = "[CP] Embed Pods Frameworks";
			outputFileListPaths = (
				"${PODS_ROOT}/Target Support Files/Pods-EngageTimer2-EngageTimer2UITests/Pods-EngageTimer2-EngageTimer2UITests-frameworks-${CONFIGURATION}-output-files.xcfilelist",
			);
			runOnlyForDeploymentPostprocessing = 0;
			shellPath = /bin/sh;
			shellScript = "\"${PODS_ROOT}/Target Support Files/Pods-EngageTimer2-EngageTimer2UITests/Pods-EngageTimer2-EngageTimer2UITests-frameworks.sh\"\n";
			showEnvVarsInLog = 0;
		};
		0AB1215104313052B3EBEA77 /* [CP] Check Pods Manifest.lock */ = {
			isa = PBXShellScriptBuildPhase;
			buildActionMask = 2147483647;
			files = (
			);
			inputFileListPaths = (
			);
			inputPaths = (
				"${PODS_PODFILE_DIR_PATH}/Podfile.lock",
				"${PODS_ROOT}/Manifest.lock",
			);
			name = "[CP] Check Pods Manifest.lock";
			outputFileListPaths = (
			);
			outputPaths = (
				"$(DERIVED_FILE_DIR)/Pods-EngageTimer2-EngageTimer2UITests-checkManifestLockResult.txt",
			);
			runOnlyForDeploymentPostprocessing = 0;
			shellPath = /bin/sh;
			shellScript = "diff \"${PODS_PODFILE_DIR_PATH}/Podfile.lock\" \"${PODS_ROOT}/Manifest.lock\" > /dev/null\nif [ $? != 0 ] ; then\n    # print error to STDERR\n    echo \"error: The sandbox is not in sync with the Podfile.lock. Run 'pod install' or update your CocoaPods installation.\" >&2\n    exit 1\nfi\n# This output is used by Xcode 'outputs' to avoid re-running this script phase.\necho \"SUCCESS\" > \"${SCRIPT_OUTPUT_FILE_0}\"\n";
			showEnvVarsInLog = 0;
		};
		229F7453BAC72FA61BE02D2A /* [CP] Check Pods Manifest.lock */ = {
			isa = PBXShellScriptBuildPhase;
			buildActionMask = 2147483647;
			files = (
			);
			inputFileListPaths = (
			);
			inputPaths = (
				"${PODS_PODFILE_DIR_PATH}/Podfile.lock",
				"${PODS_ROOT}/Manifest.lock",
			);
			name = "[CP] Check Pods Manifest.lock";
			outputFileListPaths = (
			);
			outputPaths = (
				"$(DERIVED_FILE_DIR)/Pods-EngageTimer2-checkManifestLockResult.txt",
			);
			runOnlyForDeploymentPostprocessing = 0;
			shellPath = /bin/sh;
			shellScript = "diff \"${PODS_PODFILE_DIR_PATH}/Podfile.lock\" \"${PODS_ROOT}/Manifest.lock\" > /dev/null\nif [ $? != 0 ] ; then\n    # print error to STDERR\n    echo \"error: The sandbox is not in sync with the Podfile.lock. Run 'pod install' or update your CocoaPods installation.\" >&2\n    exit 1\nfi\n# This output is used by Xcode 'outputs' to avoid re-running this script phase.\necho \"SUCCESS\" > \"${SCRIPT_OUTPUT_FILE_0}\"\n";
			showEnvVarsInLog = 0;
		};
		9CBE384353D1920C224C637A /* [CP] Check Pods Manifest.lock */ = {
			isa = PBXShellScriptBuildPhase;
			buildActionMask = 2147483647;
			files = (
			);
			inputFileListPaths = (
			);
			inputPaths = (
				"${PODS_PODFILE_DIR_PATH}/Podfile.lock",
				"${PODS_ROOT}/Manifest.lock",
			);
			name = "[CP] Check Pods Manifest.lock";
			outputFileListPaths = (
			);
			outputPaths = (
				"$(DERIVED_FILE_DIR)/Pods-EngageTimer2Tests-checkManifestLockResult.txt",
			);
			runOnlyForDeploymentPostprocessing = 0;
			shellPath = /bin/sh;
			shellScript = "diff \"${PODS_PODFILE_DIR_PATH}/Podfile.lock\" \"${PODS_ROOT}/Manifest.lock\" > /dev/null\nif [ $? != 0 ] ; then\n    # print error to STDERR\n    echo \"error: The sandbox is not in sync with the Podfile.lock. Run 'pod install' or update your CocoaPods installation.\" >&2\n    exit 1\nfi\n# This output is used by Xcode 'outputs' to avoid re-running this script phase.\necho \"SUCCESS\" > \"${SCRIPT_OUTPUT_FILE_0}\"\n";
			showEnvVarsInLog = 0;
		};
		DDF5C8281BBFA1F555B849F2 /* [CP] Embed Pods Frameworks */ = {
			isa = PBXShellScriptBuildPhase;
			buildActionMask = 2147483647;
			files = (
			);
			inputFileListPaths = (
				"${PODS_ROOT}/Target Support Files/Pods-EngageTimer2/Pods-EngageTimer2-frameworks-${CONFIGURATION}-input-files.xcfilelist",
			);
			name = "[CP] Embed Pods Frameworks";
			outputFileListPaths = (
				"${PODS_ROOT}/Target Support Files/Pods-EngageTimer2/Pods-EngageTimer2-frameworks-${CONFIGURATION}-output-files.xcfilelist",
			);
			runOnlyForDeploymentPostprocessing = 0;
			shellPath = /bin/sh;
			shellScript = "\"${PODS_ROOT}/Target Support Files/Pods-EngageTimer2/Pods-EngageTimer2-frameworks.sh\"\n";
			showEnvVarsInLog = 0;
		};
/* End PBXShellScriptBuildPhase section */

/* Begin PBXSourcesBuildPhase section */
		663C240827845562003867B5 /* Sources */ = {
			isa = PBXSourcesBuildPhase;
			buildActionMask = 2147483647;
			files = (
				663C249D2787B96B003867B5 /* OnBoardingScreenView.swift in Sources */,
				6691DDF4279A73CE00B099D2 /* HomeViewModel.swift in Sources */,
				663C244427853FBD003867B5 /* StartButton.swift in Sources */,
				663C246C27878226003867B5 /* PlaySound.swift in Sources */,
				663C2460278652BF003867B5 /* RoundView.swift in Sources */,
				663C241927845563003867B5 /* Persistence.swift in Sources */,
				665FBA9727890E8400E70C14 /* StoreManager.swift in Sources */,
				663C241227845562003867B5 /* HomeView.swift in Sources */,
				663C2468278685AE003867B5 /* AccessoryClockFormatView.swift in Sources */,
				663C241027845562003867B5 /* EngageTimer2App.swift in Sources */,
				663C245427858A0E003867B5 /* ClockFormatView.swift in Sources */,
				665FBA9527890E7400E70C14 /* InAppPurchasesView.swift in Sources */,
				665FBA9D278935DD00E70C14 /* AdmobBannerView.swift in Sources */,
				663C245827859684003867B5 /* SettingsView.swift in Sources */,
				663C24462785484C003867B5 /* ResetButton.swift in Sources */,
				663C2450278584FE003867B5 /* AccessoryInfoView.swift in Sources */,
				663C2441278537E8003867B5 /* EngageTimerModel.swift in Sources */,
				663C241C27845563003867B5 /* EngageTimer2.xcdatamodeld in Sources */,
			);
			runOnlyForDeploymentPostprocessing = 0;
		};
		663C241E27845563003867B5 /* Sources */ = {
			isa = PBXSourcesBuildPhase;
			buildActionMask = 2147483647;
			files = (
				663C249E2787B96B003867B5 /* OnBoardingScreenView.swift in Sources */,
				663C246D27878226003867B5 /* PlaySound.swift in Sources */,
				663C2469278685AE003867B5 /* AccessoryClockFormatView.swift in Sources */,
				663C2461278652BF003867B5 /* RoundView.swift in Sources */,
				663C242727845563003867B5 /* EngageTimer2Tests.swift in Sources */,
				663C245927859684003867B5 /* SettingsView.swift in Sources */,
				663C245527858A0E003867B5 /* ClockFormatView.swift in Sources */,
				663C2451278584FE003867B5 /* AccessoryInfoView.swift in Sources */,
			);
			runOnlyForDeploymentPostprocessing = 0;
		};
		663C242927845563003867B5 /* Sources */ = {
			isa = PBXSourcesBuildPhase;
			buildActionMask = 2147483647;
			files = (
				663C249F2787B96B003867B5 /* OnBoardingScreenView.swift in Sources */,
				663C246E27878226003867B5 /* PlaySound.swift in Sources */,
				663C246A278685AE003867B5 /* AccessoryClockFormatView.swift in Sources */,
				663C2462278652BF003867B5 /* RoundView.swift in Sources */,
				663C243227845563003867B5 /* EngageTimer2UITests.swift in Sources */,
				663C245A27859684003867B5 /* SettingsView.swift in Sources */,
				663C245627858A0E003867B5 /* ClockFormatView.swift in Sources */,
				663C2452278584FE003867B5 /* AccessoryInfoView.swift in Sources */,
			);
			runOnlyForDeploymentPostprocessing = 0;
		};
/* End PBXSourcesBuildPhase section */

/* Begin PBXTargetDependency section */
		663C242427845563003867B5 /* PBXTargetDependency */ = {
			isa = PBXTargetDependency;
			target = 663C240B27845562003867B5 /* EngageTimer2 */;
			targetProxy = 663C242327845563003867B5 /* PBXContainerItemProxy */;
		};
		663C242F27845563003867B5 /* PBXTargetDependency */ = {
			isa = PBXTargetDependency;
			target = 663C240B27845562003867B5 /* EngageTimer2 */;
			targetProxy = 663C242E27845563003867B5 /* PBXContainerItemProxy */;
		};
/* End PBXTargetDependency section */

/* Begin XCBuildConfiguration section */
		663C243427845563003867B5 /* Debug */ = {
			isa = XCBuildConfiguration;
			buildSettings = {
				ALWAYS_SEARCH_USER_PATHS = NO;
				CLANG_ANALYZER_NONNULL = YES;
				CLANG_ANALYZER_NUMBER_OBJECT_CONVERSION = YES_AGGRESSIVE;
				CLANG_CXX_LANGUAGE_STANDARD = "gnu++14";
				CLANG_CXX_LIBRARY = "libc++";
				CLANG_ENABLE_MODULES = YES;
				CLANG_ENABLE_OBJC_ARC = YES;
				CLANG_ENABLE_OBJC_WEAK = YES;
				CLANG_WARN_BLOCK_CAPTURE_AUTORELEASING = YES;
				CLANG_WARN_BOOL_CONVERSION = YES;
				CLANG_WARN_COMMA = YES;
				CLANG_WARN_CONSTANT_CONVERSION = YES;
				CLANG_WARN_DEPRECATED_OBJC_IMPLEMENTATIONS = YES;
				CLANG_WARN_DIRECT_OBJC_ISA_USAGE = YES_ERROR;
				CLANG_WARN_DOCUMENTATION_COMMENTS = YES;
				CLANG_WARN_EMPTY_BODY = YES;
				CLANG_WARN_ENUM_CONVERSION = YES;
				CLANG_WARN_INFINITE_RECURSION = YES;
				CLANG_WARN_INT_CONVERSION = YES;
				CLANG_WARN_NON_LITERAL_NULL_CONVERSION = YES;
				CLANG_WARN_OBJC_IMPLICIT_RETAIN_SELF = YES;
				CLANG_WARN_OBJC_LITERAL_CONVERSION = YES;
				CLANG_WARN_OBJC_ROOT_CLASS = YES_ERROR;
				CLANG_WARN_QUOTED_INCLUDE_IN_FRAMEWORK_HEADER = YES;
				CLANG_WARN_RANGE_LOOP_ANALYSIS = YES;
				CLANG_WARN_STRICT_PROTOTYPES = YES;
				CLANG_WARN_SUSPICIOUS_MOVE = YES;
				CLANG_WARN_UNGUARDED_AVAILABILITY = YES_AGGRESSIVE;
				CLANG_WARN_UNREACHABLE_CODE = YES;
				CLANG_WARN__DUPLICATE_METHOD_MATCH = YES;
				COPY_PHASE_STRIP = NO;
				DEBUG_INFORMATION_FORMAT = dwarf;
				ENABLE_STRICT_OBJC_MSGSEND = YES;
				ENABLE_TESTABILITY = YES;
				GCC_C_LANGUAGE_STANDARD = gnu11;
				GCC_DYNAMIC_NO_PIC = NO;
				GCC_NO_COMMON_BLOCKS = YES;
				GCC_OPTIMIZATION_LEVEL = 0;
				GCC_PREPROCESSOR_DEFINITIONS = (
					"DEBUG=1",
					"$(inherited)",
				);
				GCC_WARN_64_TO_32_BIT_CONVERSION = YES;
				GCC_WARN_ABOUT_RETURN_TYPE = YES_ERROR;
				GCC_WARN_UNDECLARED_SELECTOR = YES;
				GCC_WARN_UNINITIALIZED_AUTOS = YES_AGGRESSIVE;
				GCC_WARN_UNUSED_FUNCTION = YES;
				GCC_WARN_UNUSED_VARIABLE = YES;
				IPHONEOS_DEPLOYMENT_TARGET = 14.5;
				MTL_ENABLE_DEBUG_INFO = INCLUDE_SOURCE;
				MTL_FAST_MATH = YES;
				ONLY_ACTIVE_ARCH = YES;
				SDKROOT = iphoneos;
				SWIFT_ACTIVE_COMPILATION_CONDITIONS = DEBUG;
				SWIFT_OPTIMIZATION_LEVEL = "-Onone";
			};
			name = Debug;
		};
		663C243527845563003867B5 /* Release */ = {
			isa = XCBuildConfiguration;
			buildSettings = {
				ALWAYS_SEARCH_USER_PATHS = NO;
				CLANG_ANALYZER_NONNULL = YES;
				CLANG_ANALYZER_NUMBER_OBJECT_CONVERSION = YES_AGGRESSIVE;
				CLANG_CXX_LANGUAGE_STANDARD = "gnu++14";
				CLANG_CXX_LIBRARY = "libc++";
				CLANG_ENABLE_MODULES = YES;
				CLANG_ENABLE_OBJC_ARC = YES;
				CLANG_ENABLE_OBJC_WEAK = YES;
				CLANG_WARN_BLOCK_CAPTURE_AUTORELEASING = YES;
				CLANG_WARN_BOOL_CONVERSION = YES;
				CLANG_WARN_COMMA = YES;
				CLANG_WARN_CONSTANT_CONVERSION = YES;
				CLANG_WARN_DEPRECATED_OBJC_IMPLEMENTATIONS = YES;
				CLANG_WARN_DIRECT_OBJC_ISA_USAGE = YES_ERROR;
				CLANG_WARN_DOCUMENTATION_COMMENTS = YES;
				CLANG_WARN_EMPTY_BODY = YES;
				CLANG_WARN_ENUM_CONVERSION = YES;
				CLANG_WARN_INFINITE_RECURSION = YES;
				CLANG_WARN_INT_CONVERSION = YES;
				CLANG_WARN_NON_LITERAL_NULL_CONVERSION = YES;
				CLANG_WARN_OBJC_IMPLICIT_RETAIN_SELF = YES;
				CLANG_WARN_OBJC_LITERAL_CONVERSION = YES;
				CLANG_WARN_OBJC_ROOT_CLASS = YES_ERROR;
				CLANG_WARN_QUOTED_INCLUDE_IN_FRAMEWORK_HEADER = YES;
				CLANG_WARN_RANGE_LOOP_ANALYSIS = YES;
				CLANG_WARN_STRICT_PROTOTYPES = YES;
				CLANG_WARN_SUSPICIOUS_MOVE = YES;
				CLANG_WARN_UNGUARDED_AVAILABILITY = YES_AGGRESSIVE;
				CLANG_WARN_UNREACHABLE_CODE = YES;
				CLANG_WARN__DUPLICATE_METHOD_MATCH = YES;
				COPY_PHASE_STRIP = NO;
				DEBUG_INFORMATION_FORMAT = "dwarf-with-dsym";
				ENABLE_NS_ASSERTIONS = NO;
				ENABLE_STRICT_OBJC_MSGSEND = YES;
				GCC_C_LANGUAGE_STANDARD = gnu11;
				GCC_NO_COMMON_BLOCKS = YES;
				GCC_WARN_64_TO_32_BIT_CONVERSION = YES;
				GCC_WARN_ABOUT_RETURN_TYPE = YES_ERROR;
				GCC_WARN_UNDECLARED_SELECTOR = YES;
				GCC_WARN_UNINITIALIZED_AUTOS = YES_AGGRESSIVE;
				GCC_WARN_UNUSED_FUNCTION = YES;
				GCC_WARN_UNUSED_VARIABLE = YES;
				IPHONEOS_DEPLOYMENT_TARGET = 14.5;
				MTL_ENABLE_DEBUG_INFO = NO;
				MTL_FAST_MATH = YES;
				SDKROOT = iphoneos;
				SWIFT_COMPILATION_MODE = wholemodule;
				SWIFT_OPTIMIZATION_LEVEL = "-O";
				VALIDATE_PRODUCT = YES;
			};
			name = Release;
		};
		663C243727845563003867B5 /* Debug */ = {
			isa = XCBuildConfiguration;
			baseConfigurationReference = 07146C55CBC3E1CAB77C910F /* Pods-EngageTimer2.debug.xcconfig */;
			buildSettings = {
				ASSETCATALOG_COMPILER_APPICON_NAME = AppIcon;
				ASSETCATALOG_COMPILER_GLOBAL_ACCENT_COLOR_NAME = AccentColor;
				CODE_SIGN_STYLE = Automatic;
				DEVELOPMENT_ASSET_PATHS = "\"EngageTimer2/Preview Content\"";
				DEVELOPMENT_TEAM = 6SFM579B5E;
				ENABLE_PREVIEWS = YES;
				INFOPLIST_FILE = EngageTimer2/Info.plist;
				IPHONEOS_DEPLOYMENT_TARGET = 14.0;
				LD_RUNPATH_SEARCH_PATHS = (
					"$(inherited)",
					"@executable_path/Frameworks",
				);
				MARKETING_VERSION = 3.0;
				PRODUCT_BUNDLE_IDENTIFIER = design.rdconcepts.engager;
				PRODUCT_NAME = "$(TARGET_NAME)";
				SWIFT_VERSION = 5.0;
				TARGETED_DEVICE_FAMILY = "1,2";
			};
			name = Debug;
		};
		663C243827845563003867B5 /* Release */ = {
			isa = XCBuildConfiguration;
			baseConfigurationReference = 3BA0E1761B4B85EA75888794 /* Pods-EngageTimer2.release.xcconfig */;
			buildSettings = {
				ASSETCATALOG_COMPILER_APPICON_NAME = AppIcon;
				ASSETCATALOG_COMPILER_GLOBAL_ACCENT_COLOR_NAME = AccentColor;
				CODE_SIGN_STYLE = Automatic;
				DEVELOPMENT_ASSET_PATHS = "\"EngageTimer2/Preview Content\"";
				DEVELOPMENT_TEAM = 6SFM579B5E;
				ENABLE_PREVIEWS = YES;
				INFOPLIST_FILE = EngageTimer2/Info.plist;
				IPHONEOS_DEPLOYMENT_TARGET = 14.0;
				LD_RUNPATH_SEARCH_PATHS = (
					"$(inherited)",
					"@executable_path/Frameworks",
				);
				MARKETING_VERSION = 3.0;
				PRODUCT_BUNDLE_IDENTIFIER = design.rdconcepts.engager;
				PRODUCT_NAME = "$(TARGET_NAME)";
				SWIFT_VERSION = 5.0;
				TARGETED_DEVICE_FAMILY = "1,2";
			};
			name = Release;
		};
		663C243A27845563003867B5 /* Debug */ = {
			isa = XCBuildConfiguration;
			baseConfigurationReference = F7D2DFF5274804980138D54E /* Pods-EngageTimer2Tests.debug.xcconfig */;
			buildSettings = {
				ALWAYS_EMBED_SWIFT_STANDARD_LIBRARIES = YES;
				BUNDLE_LOADER = "$(TEST_HOST)";
				CODE_SIGN_STYLE = Automatic;
				DEVELOPMENT_TEAM = 6SFM579B5E;
				INFOPLIST_FILE = EngageTimer2Tests/Info.plist;
				IPHONEOS_DEPLOYMENT_TARGET = 14.0;
				LD_RUNPATH_SEARCH_PATHS = (
					"$(inherited)",
					"@executable_path/Frameworks",
					"@loader_path/Frameworks",
				);
				PRODUCT_BUNDLE_IDENTIFIER = design.rdConcepts.EngageTimer2Tests;
				PRODUCT_NAME = "$(TARGET_NAME)";
				SWIFT_VERSION = 5.0;
				TARGETED_DEVICE_FAMILY = "1,2";
				TEST_HOST = "$(BUILT_PRODUCTS_DIR)/EngageTimer2.app/EngageTimer2";
			};
			name = Debug;
		};
		663C243B27845563003867B5 /* Release */ = {
			isa = XCBuildConfiguration;
			baseConfigurationReference = C73E14F297C6B3DAA7E530E1 /* Pods-EngageTimer2Tests.release.xcconfig */;
			buildSettings = {
				ALWAYS_EMBED_SWIFT_STANDARD_LIBRARIES = YES;
				BUNDLE_LOADER = "$(TEST_HOST)";
				CODE_SIGN_STYLE = Automatic;
				DEVELOPMENT_TEAM = 6SFM579B5E;
				INFOPLIST_FILE = EngageTimer2Tests/Info.plist;
				IPHONEOS_DEPLOYMENT_TARGET = 14.0;
				LD_RUNPATH_SEARCH_PATHS = (
					"$(inherited)",
					"@executable_path/Frameworks",
					"@loader_path/Frameworks",
				);
				PRODUCT_BUNDLE_IDENTIFIER = design.rdConcepts.EngageTimer2Tests;
				PRODUCT_NAME = "$(TARGET_NAME)";
				SWIFT_VERSION = 5.0;
				TARGETED_DEVICE_FAMILY = "1,2";
				TEST_HOST = "$(BUILT_PRODUCTS_DIR)/EngageTimer2.app/EngageTimer2";
			};
			name = Release;
		};
		663C243D27845563003867B5 /* Debug */ = {
			isa = XCBuildConfiguration;
			baseConfigurationReference = 7CBA177C974AFB1FAA223167 /* Pods-EngageTimer2-EngageTimer2UITests.debug.xcconfig */;
			buildSettings = {
				ALWAYS_EMBED_SWIFT_STANDARD_LIBRARIES = YES;
				CODE_SIGN_STYLE = Automatic;
				DEVELOPMENT_TEAM = 6SFM579B5E;
				INFOPLIST_FILE = EngageTimer2UITests/Info.plist;
				LD_RUNPATH_SEARCH_PATHS = (
					"$(inherited)",
					"@executable_path/Frameworks",
					"@loader_path/Frameworks",
				);
				PRODUCT_BUNDLE_IDENTIFIER = design.rdConcepts.EngageTimer2UITests;
				PRODUCT_NAME = "$(TARGET_NAME)";
				SWIFT_VERSION = 5.0;
				TARGETED_DEVICE_FAMILY = "1,2";
				TEST_TARGET_NAME = EngageTimer2;
			};
			name = Debug;
		};
		663C243E27845563003867B5 /* Release */ = {
			isa = XCBuildConfiguration;
			baseConfigurationReference = E99A32B504844B8082398B60 /* Pods-EngageTimer2-EngageTimer2UITests.release.xcconfig */;
			buildSettings = {
				ALWAYS_EMBED_SWIFT_STANDARD_LIBRARIES = YES;
				CODE_SIGN_STYLE = Automatic;
				DEVELOPMENT_TEAM = 6SFM579B5E;
				INFOPLIST_FILE = EngageTimer2UITests/Info.plist;
				LD_RUNPATH_SEARCH_PATHS = (
					"$(inherited)",
					"@executable_path/Frameworks",
					"@loader_path/Frameworks",
				);
				PRODUCT_BUNDLE_IDENTIFIER = design.rdConcepts.EngageTimer2UITests;
				PRODUCT_NAME = "$(TARGET_NAME)";
				SWIFT_VERSION = 5.0;
				TARGETED_DEVICE_FAMILY = "1,2";
				TEST_TARGET_NAME = EngageTimer2;
			};
			name = Release;
		};
/* End XCBuildConfiguration section */

/* Begin XCConfigurationList section */
		663C240727845562003867B5 /* Build configuration list for PBXProject "EngageTimer2" */ = {
			isa = XCConfigurationList;
			buildConfigurations = (
				663C243427845563003867B5 /* Debug */,
				663C243527845563003867B5 /* Release */,
			);
			defaultConfigurationIsVisible = 0;
			defaultConfigurationName = Release;
		};
		663C243627845563003867B5 /* Build configuration list for PBXNativeTarget "EngageTimer2" */ = {
			isa = XCConfigurationList;
			buildConfigurations = (
				663C243727845563003867B5 /* Debug */,
				663C243827845563003867B5 /* Release */,
			);
			defaultConfigurationIsVisible = 0;
			defaultConfigurationName = Release;
		};
		663C243927845563003867B5 /* Build configuration list for PBXNativeTarget "EngageTimer2Tests" */ = {
			isa = XCConfigurationList;
			buildConfigurations = (
				663C243A27845563003867B5 /* Debug */,
				663C243B27845563003867B5 /* Release */,
			);
			defaultConfigurationIsVisible = 0;
			defaultConfigurationName = Release;
		};
		663C243C27845563003867B5 /* Build configuration list for PBXNativeTarget "EngageTimer2UITests" */ = {
			isa = XCConfigurationList;
			buildConfigurations = (
				663C243D27845563003867B5 /* Debug */,
				663C243E27845563003867B5 /* Release */,
			);
			defaultConfigurationIsVisible = 0;
			defaultConfigurationName = Release;
		};
/* End XCConfigurationList section */

/* Begin XCVersionGroup section */
		663C241A27845563003867B5 /* EngageTimer2.xcdatamodeld */ = {
			isa = XCVersionGroup;
			children = (
				663C241B27845563003867B5 /* EngageTimer2.xcdatamodel */,
			);
			currentVersion = 663C241B27845563003867B5 /* EngageTimer2.xcdatamodel */;
			path = EngageTimer2.xcdatamodeld;
			sourceTree = "<group>";
			versionGroupType = wrapper.xcdatamodel;
		};
/* End XCVersionGroup section */
	};
	rootObject = 663C240427845562003867B5 /* Project object */;
}
